
Microsoft Visual Studio Solution File, Format Version 12.00
# Visual Studio Version 16
VisualStudioVersion = 16.0.31729.503
MinimumVisualStudioVersion = 10.0.40219.1
Project("{FAE04EC0-301F-11D3-BF4B-00C04F79EFBC}") = "DakaPathAppFileService", "DakaPathAppFileService\DakaPathAppFileService.csproj", "{31EF39D0-84C1-47F2-ACD6-B1F110B098BA}"
EndProject
Global
	GlobalSection(SolutionConfigurationPlatforms) = preSolution
		Debug|Any CPU = Debug|Any CPU
		Release|Any CPU = Release|Any CPU
	EndGlobalSection
	GlobalSection(ProjectConfigurationPlatforms) = postSolution
		{31EF39D0-84C1-47F2-ACD6-B1F110B098BA}.Debug|Any CPU.ActiveCfg = Debug|Any CPU
		{31EF39D0-84C1-47F2-ACD6-B1F110B098BA}.Debug|Any CPU.Build.0 = Debug|Any CPU
		{31EF39D0-84C1-47F2-ACD6-B1F110B098BA}.Release|Any CPU.ActiveCfg = Release|Any CPU
		{31EF39D0-84C1-47F2-ACD6-B1F110B098BA}.Release|Any CPU.Build.0 = Release|Any CPU
	EndGlobalSection
	GlobalSection(SolutionProperties) = preSolution
		HideSolutionNode = FALSE
	EndGlobalSection
	GlobalSection(ExtensibilityGlobals) = postSolution
		SolutionGuid = {3B406BB6-FDCB-4FFE-9F7D-47501A6AC2E0}
	EndGlobalSection
EndGlobal
